
Microsoft Visual Studio Solution File, Format Version 12.00
# Visual Studio Version 16
VisualStudioVersion = 16.0.30406.217
MinimumVisualStudioVersion = 10.0.40219.1
Project("{FAE04EC0-301F-11D3-BF4B-00C04F79EFBC}") = "ConsoleApp1", "ConsoleApp1.csproj", "{282EEDC1-C05A-4688-A046-2F366D85529E}"
EndProject
Global
	GlobalSection(SolutionConfigurationPlatforms) = preSolution
		Debug|Any CPU = Debug|Any CPU
		Release|Any CPU = Release|Any CPU
	EndGlobalSection
	GlobalSection(ProjectConfigurationPlatforms) = postSolution
		{282EEDC1-C05A-4688-A046-2F366D85529E}.Debug|Any CPU.ActiveCfg = Debug|Any CPU
		{282EEDC1-C05A-4688-A046-2F366D85529E}.Debug|Any CPU.Build.0 = Debug|Any CPU
		{282EEDC1-C05A-4688-A046-2F366D85529E}.Release|Any CPU.ActiveCfg = Release|Any CPU
		{282EEDC1-C05A-4688-A046-2F366D85529E}.Release|Any CPU.Build.0 = Release|Any CPU
	EndGlobalSection
	GlobalSection(SolutionProperties) = preSolution
		HideSolutionNode = FALSE
	EndGlobalSection
	GlobalSection(ExtensibilityGlobals) = postSolution
		SolutionGuid = {2BA7BA48-B34B-4EF2-8EB1-968433B43E7E}
	EndGlobalSection
EndGlobal
